{
  "name": "extensions",
  "version": "1.0.0",
  "lockfileVersion": 3,
  "requires": true,
  "packages": {
    "": {
      "name": "extensions",
      "version": "1.0.0",
      "license": "ISC",
      "dependencies": {
        "directus-extension-post-message-preview": "github:br41nslug/directus-extension-live-preview-sync"
      }
    },
    "node_modules/directus-extension-post-message-preview": {
      "version": "1.0.2",
      "resolved": "git+ssh://git@github.com/br41nslug/directus-extension-live-preview-sync.git#708dbb1d30273d0cd6d764896cacd929169c19cd",
      "license": "MIT"
    }
  }
}
